
Microsoft Visual Studio Solution File, Format Version 12.00
# Visual Studio Version 17
VisualStudioVersion = 17.9.34701.34
MinimumVisualStudioVersion = 10.0.40219.1
Project("{9A19103F-16F7-4668-BE54-9A1E7A4F7556}") = "HappyHoursMobile", "HappyHoursMobile\HappyHoursMobile.csproj", "{3E4B92C3-A985-420A-83FB-E77B884C662C}"
EndProject
Project("{9A19103F-16F7-4668-BE54-9A1E7A4F7556}") = "HappyHoursShared", "HappyHoursShared\HappyHoursShared.csproj", "{997E5304-6245-4146-8094-948A1CC235EC}"
EndProject
Project("{9A19103F-16F7-4668-BE54-9A1E7A4F7556}") = "HappyHoursAPI", "HappyHoursAPI\HappyHoursAPI.csproj", "{4EFC98B6-946A-4A8F-B142-9A95C4CE6A7A}"
EndProject
Project("{9A19103F-16F7-4668-BE54-9A1E7A4F7556}") = "HappyHoursData", "HappyHoursData\HappyHoursData.csproj", "{837CEF18-8D8B-4A5A-B20A-FE2E28BD4EF7}"
EndProject
Project("{FAE04EC0-301F-11D3-BF4B-00C04F79EFBC}") = "HappyHoursWeb", "HappyHoursWeb\HappyHoursWeb.csproj", "{B7A2A270-9214-448B-9025-6161193C2C95}"
EndProject
Global
	GlobalSection(SolutionConfigurationPlatforms) = preSolution
		Debug|Any CPU = Debug|Any CPU
		Release|Any CPU = Release|Any CPU
	EndGlobalSection
	GlobalSection(ProjectConfigurationPlatforms) = postSolution
		{3E4B92C3-A985-420A-83FB-E77B884C662C}.Debug|Any CPU.ActiveCfg = Debug|Any CPU
		{3E4B92C3-A985-420A-83FB-E77B884C662C}.Debug|Any CPU.Build.0 = Debug|Any CPU
		{3E4B92C3-A985-420A-83FB-E77B884C662C}.Debug|Any CPU.Deploy.0 = Debug|Any CPU
		{3E4B92C3-A985-420A-83FB-E77B884C662C}.Release|Any CPU.ActiveCfg = Release|Any CPU
		{3E4B92C3-A985-420A-83FB-E77B884C662C}.Release|Any CPU.Build.0 = Release|Any CPU
		{3E4B92C3-A985-420A-83FB-E77B884C662C}.Release|Any CPU.Deploy.0 = Release|Any CPU
		{997E5304-6245-4146-8094-948A1CC235EC}.Debug|Any CPU.ActiveCfg = Debug|Any CPU
		{997E5304-6245-4146-8094-948A1CC235EC}.Debug|Any CPU.Build.0 = Debug|Any CPU
		{997E5304-6245-4146-8094-948A1CC235EC}.Release|Any CPU.ActiveCfg = Release|Any CPU
		{997E5304-6245-4146-8094-948A1CC235EC}.Release|Any CPU.Build.0 = Release|Any CPU
		{4EFC98B6-946A-4A8F-B142-9A95C4CE6A7A}.Debug|Any CPU.ActiveCfg = Debug|Any CPU
		{4EFC98B6-946A-4A8F-B142-9A95C4CE6A7A}.Debug|Any CPU.Build.0 = Debug|Any CPU
		{4EFC98B6-946A-4A8F-B142-9A95C4CE6A7A}.Release|Any CPU.ActiveCfg = Release|Any CPU
		{4EFC98B6-946A-4A8F-B142-9A95C4CE6A7A}.Release|Any CPU.Build.0 = Release|Any CPU
		{837CEF18-8D8B-4A5A-B20A-FE2E28BD4EF7}.Debug|Any CPU.ActiveCfg = Debug|Any CPU
		{837CEF18-8D8B-4A5A-B20A-FE2E28BD4EF7}.Debug|Any CPU.Build.0 = Debug|Any CPU
		{837CEF18-8D8B-4A5A-B20A-FE2E28BD4EF7}.Release|Any CPU.ActiveCfg = Release|Any CPU
		{837CEF18-8D8B-4A5A-B20A-FE2E28BD4EF7}.Release|Any CPU.Build.0 = Release|Any CPU
		{B7A2A270-9214-448B-9025-6161193C2C95}.Debug|Any CPU.ActiveCfg = Debug|Any CPU
		{B7A2A270-9214-448B-9025-6161193C2C95}.Debug|Any CPU.Build.0 = Debug|Any CPU
		{B7A2A270-9214-448B-9025-6161193C2C95}.Release|Any CPU.ActiveCfg = Release|Any CPU
		{B7A2A270-9214-448B-9025-6161193C2C95}.Release|Any CPU.Build.0 = Release|Any CPU
	EndGlobalSection
	GlobalSection(SolutionProperties) = preSolution
		HideSolutionNode = FALSE
	EndGlobalSection
	GlobalSection(ExtensibilityGlobals) = postSolution
		SolutionGuid = {F3C4B978-A427-4509-8390-62E0F3AFC8B7}
	EndGlobalSection
EndGlobal
